// !$*UTF8*$!
{
	archiveVersion = 1;
	classes = {
	};
	objectVersion = 48;
	objects = {

/* Begin PBXBuildFile section */
		21325B7A1FACDF440035CCCA /* Posts.swift in Sources */ = {isa = PBXBuildFile; fileRef = 21325B791FACDF440035CCCA /* Posts.swift */; };
		21325B7C1FACE0F70035CCCA /* Networking.swift in Sources */ = {isa = PBXBuildFile; fileRef = 21325B7B1FACE0F70035CCCA /* Networking.swift */; };
		21325B7E1FACE2C30035CCCA /* Comments.swift in Sources */ = {isa = PBXBuildFile; fileRef = 21325B7D1FACE2C30035CCCA /* Comments.swift */; };
		213800A81FAA90810060539C /* AppDelegate.swift in Sources */ = {isa = PBXBuildFile; fileRef = 213800A71FAA90810060539C /* AppDelegate.swift */; };
		213800AA1FAA90810060539C /* ViewController.swift in Sources */ = {isa = PBXBuildFile; fileRef = 213800A91FAA90810060539C /* ViewController.swift */; };
		213800AD1FAA90810060539C /* Main.storyboard in Resources */ = {isa = PBXBuildFile; fileRef = 213800AB1FAA90810060539C /* Main.storyboard */; };
		213800AF1FAA90810060539C /* Assets.xcassets in Resources */ = {isa = PBXBuildFile; fileRef = 213800AE1FAA90810060539C /* Assets.xcassets */; };
		213800B21FAA90810060539C /* LaunchScreen.storyboard in Resources */ = {isa = PBXBuildFile; fileRef = 213800B01FAA90810060539C /* LaunchScreen.storyboard */; };
		214018BE1FB019DD008936D8 /* TableViewController.swift in Sources */ = {isa = PBXBuildFile; fileRef = 214018BD1FB019DD008936D8 /* TableViewController.swift */; };
/* End PBXBuildFile section */

/* Begin PBXFileReference section */
		21325B791FACDF440035CCCA /* Posts.swift */ = {isa = PBXFileReference; lastKnownFileType = sourcecode.swift; path = Posts.swift; sourceTree = "<group>"; };
		21325B7B1FACE0F70035CCCA /* Networking.swift */ = {isa = PBXFileReference; lastKnownFileType = sourcecode.swift; path = Networking.swift; sourceTree = "<group>"; };
		21325B7D1FACE2C30035CCCA /* Comments.swift */ = {isa = PBXFileReference; lastKnownFileType = sourcecode.swift; path = Comments.swift; sourceTree = "<group>"; };
		213800A41FAA90810060539C /* product-hunt.app */ = {isa = PBXFileReference; explicitFileType = wrapper.application; includeInIndex = 0; path = "product-hunt.app"; sourceTree = BUILT_PRODUCTS_DIR; };
		213800A71FAA90810060539C /* AppDelegate.swift */ = {isa = PBXFileReference; lastKnownFileType = sourcecode.swift; path = AppDelegate.swift; sourceTree = "<group>"; };
		213800A91FAA90810060539C /* ViewController.swift */ = {isa = PBXFileReference; lastKnownFileType = sourcecode.swift; path = ViewController.swift; sourceTree = "<group>"; };
		213800AC1FAA90810060539C /* Base */ = {isa = PBXFileReference; lastKnownFileType = file.storyboard; name = Base; path = Base.lproj/Main.storyboard; sourceTree = "<group>"; };
		213800AE1FAA90810060539C /* Assets.xcassets */ = {isa = PBXFileReference; lastKnownFileType = folder.assetcatalog; path = Assets.xcassets; sourceTree = "<group>"; };
		213800B11FAA90810060539C /* Base */ = {isa = PBXFileReference; lastKnownFileType = file.storyboard; name = Base; path = Base.lproj/LaunchScreen.storyboard; sourceTree = "<group>"; };
		213800B31FAA90810060539C /* Info.plist */ = {isa = PBXFileReference; lastKnownFileType = text.plist.xml; path = Info.plist; sourceTree = "<group>"; };
		214018BD1FB019DD008936D8 /* TableViewController.swift */ = {isa = PBXFileReference; lastKnownFileType = sourcecode.swift; path = TableViewController.swift; sourceTree = "<group>"; };
/* End PBXFileReference section */

/* Begin PBXFrameworksBuildPhase section */
		213800A11FAA90810060539C /* Frameworks */ = {
			isa = PBXFrameworksBuildPhase;
			buildActionMask = 2147483647;
			files = (
			);
			runOnlyForDeploymentPostprocessing = 0;
		};
/* End PBXFrameworksBuildPhase section */

/* Begin PBXGroup section */
		2138009B1FAA90810060539C = {
			isa = PBXGroup;
			children = (
				213800A61FAA90810060539C /* product-hunt */,
				213800A51FAA90810060539C /* Products */,
			);
			sourceTree = "<group>";
		};
		213800A51FAA90810060539C /* Products */ = {
			isa = PBXGroup;
			children = (
				213800A41FAA90810060539C /* product-hunt.app */,
			);
			name = Products;
			sourceTree = "<group>";
		};
		213800A61FAA90810060539C /* product-hunt */ = {
			isa = PBXGroup;
			children = (
				213800A71FAA90810060539C /* AppDelegate.swift */,
				213800A91FAA90810060539C /* ViewController.swift */,
				213800AB1FAA90810060539C /* Main.storyboard */,
				214018BD1FB019DD008936D8 /* TableViewController.swift */,
				21325B7B1FACE0F70035CCCA /* Networking.swift */,
				21325B7D1FACE2C30035CCCA /* Comments.swift */,
				21325B791FACDF440035CCCA /* Posts.swift */,
				213800AE1FAA90810060539C /* Assets.xcassets */,
				213800B01FAA90810060539C /* LaunchScreen.storyboard */,
				213800B31FAA90810060539C /* Info.plist */,
			);
			path = "product-hunt";
			sourceTree = "<group>";
		};
/* End PBXGroup section */

/* Begin PBXNativeTarget section */
		213800A31FAA90810060539C /* product-hunt */ = {
			isa = PBXNativeTarget;
			buildConfigurationList = 213800B61FAA90810060539C /* Build configuration list for PBXNativeTarget "product-hunt" */;
			buildPhases = (
				213800A01FAA90810060539C /* Sources */,
				213800A11FAA90810060539C /* Frameworks */,
				213800A21FAA90810060539C /* Resources */,
			);
			buildRules = (
			);
			dependencies = (
			);
			name = "product-hunt";
			productName = "product-hunt";
			productReference = 213800A41FAA90810060539C /* product-hunt.app */;
			productType = "com.apple.product-type.application";
		};
/* End PBXNativeTarget section */

/* Begin PBXProject section */
		2138009C1FAA90810060539C /* Project object */ = {
			isa = PBXProject;
			attributes = {
				LastSwiftUpdateCheck = 0900;
				LastUpgradeCheck = 0900;
				ORGANIZATIONNAME = "Tony Cioara";
				TargetAttributes = {
					213800A31FAA90810060539C = {
						CreatedOnToolsVersion = 9.0.1;
						ProvisioningStyle = Automatic;
					};
				};
			};
			buildConfigurationList = 2138009F1FAA90810060539C /* Build configuration list for PBXProject "product-hunt" */;
			compatibilityVersion = "Xcode 8.0";
			developmentRegion = en;
			hasScannedForEncodings = 0;
			knownRegions = (
				en,
				Base,
			);
			mainGroup = 2138009B1FAA90810060539C;
			productRefGroup = 213800A51FAA90810060539C /* Products */;
			projectDirPath = "";
			projectRoot = "";
			targets = (
				213800A31FAA90810060539C /* product-hunt */,
			);
		};
/* End PBXProject section */

/* Begin PBXResourcesBuildPhase section */
		213800A21FAA90810060539C /* Resources */ = {
			isa = PBXResourcesBuildPhase;
			buildActionMask = 2147483647;
			files = (
				213800B21FAA90810060539C /* LaunchScreen.storyboard in Resources */,
				213800AF1FAA90810060539C /* Assets.xcassets in Resources */,
				213800AD1FAA90810060539C /* Main.storyboard in Resources */,
			);
			runOnlyForDeploymentPostprocessing = 0;
		};
/* End PBXResourcesBuildPhase section */

/* Begin PBXSourcesBuildPhase section */
		213800A01FAA90810060539C /* Sources */ = {
			isa = PBXSourcesBuildPhase;
			buildActionMask = 2147483647;
			files = (
				213800AA1FAA90810060539C /* ViewController.swift in Sources */,
				214018BE1FB019DD008936D8 /* TableViewController.swift in Sources */,
				21325B7E1FACE2C30035CCCA /* Comments.swift in Sources */,
				21325B7A1FACDF440035CCCA /* Posts.swift in Sources */,
				213800A81FAA90810060539C /* AppDelegate.swift in Sources */,
				21325B7C1FACE0F70035CCCA /* Networking.swift in Sources */,
			);
			runOnlyForDeploymentPostprocessing = 0;
		};
/* End PBXSourcesBuildPhase section */

/* Begin PBXVariantGroup section */
		213800AB1FAA90810060539C /* Main.storyboard */ = {
			isa = PBXVariantGroup;
			children = (
				213800AC1FAA90810060539C /* Base */,
			);
			name = Main.storyboard;
			sourceTree = "<group>";
		};
		213800B01FAA90810060539C /* LaunchScreen.storyboard */ = {
			isa = PBXVariantGroup;
			children = (
				213800B11FAA90810060539C /* Base */,
			);
			name = LaunchScreen.storyboard;
			sourceTree = "<group>";
		};
/* End PBXVariantGroup section */

/* Begin XCBuildConfiguration section */
		213800B41FAA90810060539C /* Debug */ = {
			isa = XCBuildConfiguration;
			buildSettings = {
				ALWAYS_SEARCH_USER_PATHS = NO;
				CLANG_ANALYZER_NONNULL = YES;
				CLANG_ANALYZER_NUMBER_OBJECT_CONVERSION = YES_AGGRESSIVE;
				CLANG_CXX_LANGUAGE_STANDARD = "gnu++14";
				CLANG_CXX_LIBRARY = "libc++";
				CLANG_ENABLE_MODULES = YES;
				CLANG_ENABLE_OBJC_ARC = YES;
				CLANG_WARN_BLOCK_CAPTURE_AUTORELEASING = YES;
				CLANG_WARN_BOOL_CONVERSION = YES;
				CLANG_WARN_COMMA = YES;
				CLANG_WARN_CONSTANT_CONVERSION = YES;
				CLANG_WARN_DIRECT_OBJC_ISA_USAGE = YES_ERROR;
				CLANG_WARN_DOCUMENTATION_COMMENTS = YES;
				CLANG_WARN_EMPTY_BODY = YES;
				CLANG_WARN_ENUM_CONVERSION = YES;
				CLANG_WARN_INFINITE_RECURSION = YES;
				CLANG_WARN_INT_CONVERSION = YES;
				CLANG_WARN_NON_LITERAL_NULL_CONVERSION = YES;
				CLANG_WARN_OBJC_LITERAL_CONVERSION = YES;
				CLANG_WARN_OBJC_ROOT_CLASS = YES_ERROR;
				CLANG_WARN_RANGE_LOOP_ANALYSIS = YES;
				CLANG_WARN_STRICT_PROTOTYPES = YES;
				CLANG_WARN_SUSPICIOUS_MOVE = YES;
				CLANG_WARN_UNGUARDED_AVAILABILITY = YES_AGGRESSIVE;
				CLANG_WARN_UNREACHABLE_CODE = YES;
				CLANG_WARN__DUPLICATE_METHOD_MATCH = YES;
				CODE_SIGN_IDENTITY = "iPhone Developer";
				COPY_PHASE_STRIP = NO;
				DEBUG_INFORMATION_FORMAT = dwarf;
				ENABLE_STRICT_OBJC_MSGSEND = YES;
				ENABLE_TESTABILITY = YES;
				GCC_C_LANGUAGE_STANDARD = gnu11;
				GCC_DYNAMIC_NO_PIC = NO;
				GCC_NO_COMMON_BLOCKS = YES;
				GCC_OPTIMIZATION_LEVEL = 0;
				GCC_PREPROCESSOR_DEFINITIONS = (
					"DEBUG=1",
					"$(inherited)",
				);
				GCC_WARN_64_TO_32_BIT_CONVERSION = YES;
				GCC_WARN_ABOUT_RETURN_TYPE = YES_ERROR;
				GCC_WARN_UNDECLARED_SELECTOR = YES;
				GCC_WARN_UNINITIALIZED_AUTOS = YES_AGGRESSIVE;
				GCC_WARN_UNUSED_FUNCTION = YES;
				GCC_WARN_UNUSED_VARIABLE = YES;
				IPHONEOS_DEPLOYMENT_TARGET = 11.0;
				MTL_ENABLE_DEBUG_INFO = YES;
				ONLY_ACTIVE_ARCH = YES;
				SDKROOT = iphoneos;
				SWIFT_ACTIVE_COMPILATION_CONDITIONS = DEBUG;
				SWIFT_OPTIMIZATION_LEVEL = "-Onone";
			};
			name = Debug;
		};
		213800B51FAA90810060539C /* Release */ = {
			isa = XCBuildConfiguration;
			buildSettings = {
				ALWAYS_SEARCH_USER_PATHS = NO;
				CLANG_ANALYZER_NONNULL = YES;
				CLANG_ANALYZER_NUMBER_OBJECT_CONVERSION = YES_AGGRESSIVE;
				CLANG_CXX_LANGUAGE_STANDARD = "gnu++14";
				CLANG_CXX_LIBRARY = "libc++";
				CLANG_ENABLE_MODULES = YES;
				CLANG_ENABLE_OBJC_ARC = YES;
				CLANG_WARN_BLOCK_CAPTURE_AUTORELEASING = YES;
				CLANG_WARN_BOOL_CONVERSION = YES;
				CLANG_WARN_COMMA = YES;
				CLANG_WARN_CONSTANT_CONVERSION = YES;
				CLANG_WARN_DIRECT_OBJC_ISA_USAGE = YES_ERROR;
				CLANG_WARN_DOCUMENTATION_COMMENTS = YES;
				CLANG_WARN_EMPTY_BODY = YES;
				CLANG_WARN_ENUM_CONVERSION = YES;
				CLANG_WARN_INFINITE_RECURSION = YES;
				CLANG_WARN_INT_CONVERSION = YES;
				CLANG_WARN_NON_LITERAL_NULL_CONVERSION = YES;
				CLANG_WARN_OBJC_LITERAL_CONVERSION = YES;
				CLANG_WARN_OBJC_ROOT_CLASS = YES_ERROR;
				CLANG_WARN_RANGE_LOOP_ANALYSIS = YES;
				CLANG_WARN_STRICT_PROTOTYPES = YES;
				CLANG_WARN_SUSPICIOUS_MOVE = YES;
				CLANG_WARN_UNGUARDED_AVAILABILITY = YES_AGGRESSIVE;
				CLANG_WARN_UNREACHABLE_CODE = YES;
				CLANG_WARN__DUPLICATE_METHOD_MATCH = YES;
				CODE_SIGN_IDENTITY = "iPhone Developer";
				COPY_PHASE_STRIP = NO;
				DEBUG_INFORMATION_FORMAT = "dwarf-with-dsym";
				ENABLE_NS_ASSERTIONS = NO;
				ENABLE_STRICT_OBJC_MSGSEND = YES;
				GCC_C_LANGUAGE_STANDARD = gnu11;
				GCC_NO_COMMON_BLOCKS = YES;
				GCC_WARN_64_TO_32_BIT_CONVERSION = YES;
				GCC_WARN_ABOUT_RETURN_TYPE = YES_ERROR;
				GCC_WARN_UNDECLARED_SELECTOR = YES;
				GCC_WARN_UNINITIALIZED_AUTOS = YES_AGGRESSIVE;
				GCC_WARN_UNUSED_FUNCTION = YES;
				GCC_WARN_UNUSED_VARIABLE = YES;
				IPHONEOS_DEPLOYMENT_TARGET = 11.0;
				MTL_ENABLE_DEBUG_INFO = NO;
				SDKROOT = iphoneos;
				SWIFT_OPTIMIZATION_LEVEL = "-Owholemodule";
				VALIDATE_PRODUCT = YES;
			};
			name = Release;
		};
		213800B71FAA90810060539C /* Debug */ = {
			isa = XCBuildConfiguration;
			buildSettings = {
				ASSETCATALOG_COMPILER_APPICON_NAME = AppIcon;
				CODE_SIGN_STYLE = Automatic;
				DEVELOPMENT_TEAM = JDYWQEVARC;
				INFOPLIST_FILE = "product-hunt/Info.plist";
				LD_RUNPATH_SEARCH_PATHS = "$(inherited) @executable_path/Frameworks";
				PRODUCT_BUNDLE_IDENTIFIER = "com.TonyCioaraApps.product-hunt";
				PRODUCT_NAME = "$(TARGET_NAME)";
				SWIFT_VERSION = 4.0;
				TARGETED_DEVICE_FAMILY = "1,2";
			};
			name = Debug;
		};
		213800B81FAA90810060539C /* Release */ = {
			isa = XCBuildConfiguration;
			buildSettings = {
				ASSETCATALOG_COMPILER_APPICON_NAME = AppIcon;
				CODE_SIGN_STYLE = Automatic;
				DEVELOPMENT_TEAM = JDYWQEVARC;
				INFOPLIST_FILE = "product-hunt/Info.plist";
				LD_RUNPATH_SEARCH_PATHS = "$(inherited) @executable_path/Frameworks";
				PRODUCT_BUNDLE_IDENTIFIER = "com.TonyCioaraApps.product-hunt";
				PRODUCT_NAME = "$(TARGET_NAME)";
				SWIFT_VERSION = 4.0;
				TARGETED_DEVICE_FAMILY = "1,2";
			};
			name = Release;
		};
/* End XCBuildConfiguration section */

/* Begin XCConfigurationList section */
		2138009F1FAA90810060539C /* Build configuration list for PBXProject "product-hunt" */ = {
			isa = XCConfigurationList;
			buildConfigurations = (
				213800B41FAA90810060539C /* Debug */,
				213800B51FAA90810060539C /* Release */,
			);
			defaultConfigurationIsVisible = 0;
			defaultConfigurationName = Release;
		};
		213800B61FAA90810060539C /* Build configuration list for PBXNativeTarget "product-hunt" */ = {
			isa = XCConfigurationList;
			buildConfigurations = (
				213800B71FAA90810060539C /* Debug */,
				213800B81FAA90810060539C /* Release */,
			);
			defaultConfigurationIsVisible = 0;
			defaultConfigurationName = Release;
		};
/* End XCConfigurationList section */
	};
	rootObject = 2138009C1FAA90810060539C /* Project object */;
}
